
Microsoft Visual Studio Solution File, Format Version 12.00
# Visual Studio Version 17
VisualStudioVersion = 17.14.36603.0 d17.14
MinimumVisualStudioVersion = 10.0.40219.1
Project("{FAE04EC0-301F-11D3-BF4B-00C04F79EFBC}") = "S10273555_PRG2Assignment", "S10273555_PRG2Assignment.csproj", "{49B21224-4BE1-4906-9560-D4D98C64DB15}"
EndProject
Global
	GlobalSection(SolutionConfigurationPlatforms) = preSolution
		Debug|Any CPU = Debug|Any CPU
		Release|Any CPU = Release|Any CPU
	EndGlobalSection
	GlobalSection(ProjectConfigurationPlatforms) = postSolution
		{49B21224-4BE1-4906-9560-D4D98C64DB15}.Debug|Any CPU.ActiveCfg = Debug|Any CPU
		{49B21224-4BE1-4906-9560-D4D98C64DB15}.Debug|Any CPU.Build.0 = Debug|Any CPU
		{49B21224-4BE1-4906-9560-D4D98C64DB15}.Release|Any CPU.ActiveCfg = Release|Any CPU
		{49B21224-4BE1-4906-9560-D4D98C64DB15}.Release|Any CPU.Build.0 = Release|Any CPU
	EndGlobalSection
	GlobalSection(SolutionProperties) = preSolution
		HideSolutionNode = FALSE
	EndGlobalSection
	GlobalSection(ExtensibilityGlobals) = postSolution
		SolutionGuid = {1789D32E-7A58-417B-9D5C-16FE45249A38}
	EndGlobalSection
EndGlobal
